{
  "lockfileVersion": 1,
  "workspaces": {
    "": {
      "name": "cleanup-expired-codes",
      "dependencies": {
        "node-appwrite": "^17.2.0",
      },
    },
  },
  "packages": {
    "node-appwrite": ["node-appwrite@17.2.0", "", { "dependencies": { "node-fetch-native-with-agent": "1.7.2" } }, "sha512-naYUsVZEdF6YKF/q/s0DBQkAHJj2RhEWwmcXrkbfAAPc3Bn+D3CCftBqyNWeo17JBCoYWqQEgT2Od9xOVQR26A=="],

    "node-fetch-native-with-agent": ["node-fetch-native-with-agent@1.7.2", "", {}, "sha512-5MaOOCuJEvcckoz7/tjdx1M6OusOY6Xc5f459IaruGStWnKzlI1qpNgaAwmn4LmFYcsSlj+jBMk84wmmRxfk5g=="],
  }
}
